
Microsoft Visual Studio Solution File, Format Version 12.00
# Visual Studio 15
Project("{FAE04EC0-301F-11D3-BF4B-00C04F79EFBC}") = "AsteraX UCP C01 V07 - Movement Challenge", "AsteraX UCP C01 V07 - Movement Challenge.csproj", "{65B95496-B038-6763-CBDB-42BBD05DDD21}"
EndProject
Project("{FAE04EC0-301F-11D3-BF4B-00C04F79EFBC}") = "AsteraX UCP C01 V07 - Movement Challenge.Plugins", "AsteraX UCP C01 V07 - Movement Challenge.Plugins.csproj", "{CA6FE1B1-BC72-14C2-4A39-674175702FDA}"
EndProject
Project("{FAE04EC0-301F-11D3-BF4B-00C04F79EFBC}") = "AsteraX UCP C01 V07 - Movement Challenge.Editor.Plugins", "AsteraX UCP C01 V07 - Movement Challenge.Editor.Plugins.csproj", "{3A4B5144-112A-7145-C2C8-A1609B99D550}"
EndProject
Global
	GlobalSection(SolutionConfigurationPlatforms) = preSolution
		Debug|Any CPU = Debug|Any CPU
		Release|Any CPU = Release|Any CPU
	EndGlobalSection
	GlobalSection(ProjectConfigurationPlatforms) = postSolution
		{65B95496-B038-6763-CBDB-42BBD05DDD21}.Debug|Any CPU.ActiveCfg = Debug|Any CPU
		{65B95496-B038-6763-CBDB-42BBD05DDD21}.Debug|Any CPU.Build.0 = Debug|Any CPU
		{65B95496-B038-6763-CBDB-42BBD05DDD21}.Release|Any CPU.ActiveCfg = Release|Any CPU
		{65B95496-B038-6763-CBDB-42BBD05DDD21}.Release|Any CPU.Build.0 = Release|Any CPU
		{CA6FE1B1-BC72-14C2-4A39-674175702FDA}.Debug|Any CPU.ActiveCfg = Debug|Any CPU
		{CA6FE1B1-BC72-14C2-4A39-674175702FDA}.Debug|Any CPU.Build.0 = Debug|Any CPU
		{CA6FE1B1-BC72-14C2-4A39-674175702FDA}.Release|Any CPU.ActiveCfg = Release|Any CPU
		{CA6FE1B1-BC72-14C2-4A39-674175702FDA}.Release|Any CPU.Build.0 = Release|Any CPU
		{3A4B5144-112A-7145-C2C8-A1609B99D550}.Debug|Any CPU.ActiveCfg = Debug|Any CPU
		{3A4B5144-112A-7145-C2C8-A1609B99D550}.Debug|Any CPU.Build.0 = Debug|Any CPU
		{3A4B5144-112A-7145-C2C8-A1609B99D550}.Release|Any CPU.ActiveCfg = Release|Any CPU
		{3A4B5144-112A-7145-C2C8-A1609B99D550}.Release|Any CPU.Build.0 = Release|Any CPU
	EndGlobalSection
	GlobalSection(SolutionProperties) = preSolution
		HideSolutionNode = FALSE
	EndGlobalSection
EndGlobal
